
Microsoft Visual Studio Solution File, Format Version 12.00
# Visual Studio Version 17
VisualStudioVersion = 17.3.32825.248
MinimumVisualStudioVersion = 10.0.40219.1
Project("{FAE04EC0-301F-11D3-BF4B-00C04F79EFBC}") = "KitapYazar", "KitapYazar.csproj", "{BFE1041F-D628-4007-9247-56952DA32CE4}"
EndProject
Global
	GlobalSection(SolutionConfigurationPlatforms) = preSolution
		Debug|Any CPU = Debug|Any CPU
		Release|Any CPU = Release|Any CPU
	EndGlobalSection
	GlobalSection(ProjectConfigurationPlatforms) = postSolution
		{BFE1041F-D628-4007-9247-56952DA32CE4}.Debug|Any CPU.ActiveCfg = Debug|Any CPU
		{BFE1041F-D628-4007-9247-56952DA32CE4}.Debug|Any CPU.Build.0 = Debug|Any CPU
		{BFE1041F-D628-4007-9247-56952DA32CE4}.Release|Any CPU.ActiveCfg = Release|Any CPU
		{BFE1041F-D628-4007-9247-56952DA32CE4}.Release|Any CPU.Build.0 = Release|Any CPU
	EndGlobalSection
	GlobalSection(SolutionProperties) = preSolution
		HideSolutionNode = FALSE
	EndGlobalSection
	GlobalSection(ExtensibilityGlobals) = postSolution
		SolutionGuid = {949BA53C-A328-4512-AA6A-4EDC06192715}
	EndGlobalSection
EndGlobal
